{
    "_meta": {
        "hash": {
            "sha256": "126f13b1169fe3c5c24539027b61dc27b7529b181539ca412d72647ea35ace91"
        },
        "pipfile-spec": 6,
        "requires": {
            "python_version": "3.6"
        },
        "sources": [
            {
                "name": "pypi",
                "url": "https://pypi.org/simple",
                "verify_ssl": true
            }
        ]
    },
    "default": {
        "absl-py": {
            "hashes": [
                "sha256:afe94e3c751ff81aad55d33ab6e630390da32780110b5af72ae81ecff8418d9e",
                "sha256:b44f68984a5ceb2607d135a615999b93924c771238a63920d17d3387b0d229d5"
            ],
            "version": "==0.12.0"
        },
        "astor": {
            "hashes": [
                "sha256:070a54e890cefb5b3739d19f30f5a5ec840ffc9c50ffa7d23cc9fc1a38ebbfc5",
                "sha256:6a6effda93f4e1ce9f618779b2dd1d9d84f1e32812c23a29b3fff6fd7f63fa5e"
            ],
            "version": "==0.8.1"
        },
        "attrs": {
            "hashes": [
                "sha256:31b2eced602aa8423c2aea9c76a724617ed67cf9513173fd3a4f03e3a929c7e6",
                "sha256:832aa3cde19744e49938b91fea06d69ecb9e649c93ba974535d08ad92164f700"
            ],
            "version": "==20.3.0"
        },
        "automat": {
            "hashes": [
                "sha256:7979803c74610e11ef0c0d68a2942b152df52da55336e0c9d58daf1831cbdf33",
                "sha256:b6feb6455337df834f6c9962d6ccf771515b7d939bca142b29c20c2376bc6111"
            ],
            "version": "==20.2.0"
        },
        "cached-property": {
            "hashes": [
                "sha256:9fa5755838eecbb2d234c3aa390bd80fbd3ac6b6869109bfc1b499f7bd89a130",
                "sha256:df4f613cf7ad9a588cc381aaf4a512d26265ecebd5eb9e1ba12f1319eb85a6a0"
            ],
            "markers": "python_version < '3.8'",
            "version": "==1.5.2"
        },
        "cachetools": {
            "hashes": [
                "sha256:1d9d5f567be80f7c07d765e21b814326d78c61eb0c3a637dffc0e5d1796cb2e2",
                "sha256:f469e29e7aa4cff64d8de4aad95ce76de8ea1125a16c68e0d93f65c3c3dc92e9"
            ],
            "version": "==4.2.1"
        },
        "certifi": {
            "hashes": [
                "sha256:1a4995114262bffbc2413b159f2a1a480c969de6e6eb13ee966d470af86af59c",
                "sha256:719a74fb9e33b9bd44cc7f3a8d94bc35e4049deebe19ba7d8e108280cfd59830"
            ],
            "version": "==2020.12.5"
        },
        "cffi": {
            "hashes": [
                "sha256:005a36f41773e148deac64b08f233873a4d0c18b053d37da83f6af4d9087b813",
                "sha256:0857f0ae312d855239a55c81ef453ee8fd24136eaba8e87a2eceba644c0d4c06",
                "sha256:1071534bbbf8cbb31b498d5d9db0f274f2f7a865adca4ae429e147ba40f73dea",
                "sha256:158d0d15119b4b7ff6b926536763dc0714313aa59e320ddf787502c70c4d4bee",
                "sha256:1f436816fc868b098b0d63b8920de7d208c90a67212546d02f84fe78a9c26396",
                "sha256:2894f2df484ff56d717bead0a5c2abb6b9d2bf26d6960c4604d5c48bbc30ee73",
                "sha256:29314480e958fd8aab22e4a58b355b629c59bf5f2ac2492b61e3dc06d8c7a315",
                "sha256:34eff4b97f3d982fb93e2831e6750127d1355a923ebaeeb565407b3d2f8d41a1",
                "sha256:35f27e6eb43380fa080dccf676dece30bef72e4a67617ffda586641cd4508d49",
                "sha256:3d3dd4c9e559eb172ecf00a2a7517e97d1e96de2a5e610bd9b68cea3925b4892",
                "sha256:43e0b9d9e2c9e5d152946b9c5fe062c151614b262fda2e7b201204de0b99e482",
                "sha256:48e1c69bbacfc3d932221851b39d49e81567a4d4aac3b21258d9c24578280058",
                "sha256:51182f8927c5af975fece87b1b369f722c570fe169f9880764b1ee3bca8347b5",
                "sha256:58e3f59d583d413809d60779492342801d6e82fefb89c86a38e040c16883be53",
                "sha256:5de7970188bb46b7bf9858eb6890aad302577a5f6f75091fd7cdd3ef13ef3045",
                "sha256:65fa59693c62cf06e45ddbb822165394a288edce9e276647f0046e1ec26920f3",
                "sha256:69e395c24fc60aad6bb4fa7e583698ea6cc684648e1ffb7fe85e3c1ca131a7d5",
                "sha256:6c97d7350133666fbb5cf4abdc1178c812cb205dc6f41d174a7b0f18fb93337e",
                "sha256:6e4714cc64f474e4d6e37cfff31a814b509a35cb17de4fb1999907575684479c",
                "sha256:72d8d3ef52c208ee1c7b2e341f7d71c6fd3157138abf1a95166e6165dd5d4369",
                "sha256:8ae6299f6c68de06f136f1f9e69458eae58f1dacf10af5c17353eae03aa0d827",
                "sha256:8b198cec6c72df5289c05b05b8b0969819783f9418e0409865dac47288d2a053",
                "sha256:99cd03ae7988a93dd00bcd9d0b75e1f6c426063d6f03d2f90b89e29b25b82dfa",
                "sha256:9cf8022fb8d07a97c178b02327b284521c7708d7c71a9c9c355c178ac4bbd3d4",
                "sha256:9de2e279153a443c656f2defd67769e6d1e4163952b3c622dcea5b08a6405322",
                "sha256:9e93e79c2551ff263400e1e4be085a1210e12073a31c2011dbbda14bda0c6132",
                "sha256:9ff227395193126d82e60319a673a037d5de84633f11279e336f9c0f189ecc62",
                "sha256:a465da611f6fa124963b91bf432d960a555563efe4ed1cc403ba5077b15370aa",
                "sha256:ad17025d226ee5beec591b52800c11680fca3df50b8b29fe51d882576e039ee0",
                "sha256:afb29c1ba2e5a3736f1c301d9d0abe3ec8b86957d04ddfa9d7a6a42b9367e396",
                "sha256:b85eb46a81787c50650f2392b9b4ef23e1f126313b9e0e9013b35c15e4288e2e",
                "sha256:bb89f306e5da99f4d922728ddcd6f7fcebb3241fc40edebcb7284d7514741991",
                "sha256:cbde590d4faaa07c72bf979734738f328d239913ba3e043b1e98fe9a39f8b2b6",
                "sha256:cd2868886d547469123fadc46eac7ea5253ea7fcb139f12e1dfc2bbd406427d1",
                "sha256:d42b11d692e11b6634f7613ad8df5d6d5f8875f5d48939520d351007b3c13406",
                "sha256:f2d45f97ab6bb54753eab54fffe75aaf3de4ff2341c9daee1987ee1837636f1d",
                "sha256:fd78e5fee591709f32ef6edb9a015b4aa1a5022598e36227500c8f4e02328d9c"
            ],
            "version": "==1.14.5"
        },
        "chardet": {
            "hashes": [
                "sha256:0d6f53a15db4120f2b08c94f11e7d93d2c911ee118b6b30a04ec3ee8310179fa",
                "sha256:f864054d66fd9118f2e67044ac8981a54775ec5b67aed0441892edb553d21da5"
            ],
            "version": "==4.0.0"
        },
        "click": {
            "hashes": [
                "sha256:2335065e6395b9e67ca716de5f7526736bfa6ceead690adf616d925bdc622b13",
                "sha256:5b94b49521f6456670fdb30cd82a4eca9412788a93fa6dd6df72c94d5a8ff2d7"
            ],
            "index": "pypi",
            "version": "==7.0"
        },
        "constantly": {
            "hashes": [
                "sha256:586372eb92059873e29eba4f9dec8381541b4d3834660707faf8ba59146dfc35",
                "sha256:dd2fa9d6b1a51a83f0d7dd76293d734046aa176e384bf6e33b7e44880eb37c5d"
            ],
            "version": "==15.1.0"
        },
        "cryptography": {
            "hashes": [
                "sha256:066bc53f052dfeda2f2d7c195cf16fb3e5ff13e1b6b7415b468514b40b381a5b",
                "sha256:0923ba600d00718d63a3976f23cab19aef10c1765038945628cd9be047ad0336",
                "sha256:2d32223e5b0ee02943f32b19245b61a62db83a882f0e76cc564e1cec60d48f87",
                "sha256:4169a27b818de4a1860720108b55a2801f32b6ae79e7f99c00d79f2a2822eeb7",
                "sha256:57ad77d32917bc55299b16d3b996ffa42a1c73c6cfa829b14043c561288d2799",
                "sha256:5ecf2bcb34d17415e89b546dbb44e73080f747e504273e4d4987630493cded1b",
                "sha256:600cf9bfe75e96d965509a4c0b2b183f74a4fa6f5331dcb40fb7b77b7c2484df",
                "sha256:66b57a9ca4b3221d51b237094b0303843b914b7d5afd4349970bb26518e350b0",
                "sha256:93cfe5b7ff006de13e1e89830810ecbd014791b042cbe5eec253be11ac2b28f3",
                "sha256:9e98b452132963678e3ac6c73f7010fe53adf72209a32854d55690acac3f6724",
                "sha256:df186fcbf86dc1ce56305becb8434e4b6b7504bc724b71ad7a3239e0c9d14ef2",
                "sha256:fec7fb46b10da10d9e1d078d1ff8ed9e05ae14f431fdbd11145edd0550b9a964"
            ],
            "version": "==3.4.6"
        },
        "gast": {
            "hashes": [
                "sha256:fe939df4583692f0512161ec1c880e0a10e71e6a232da045ab8edd3756fbadf0"
            ],
            "version": "==0.2.2"
        },
        "google-auth": {
            "hashes": [
                "sha256:9bd436d19ab047001a1340720d2b629eb96dd503258c524921ec2af3ee88a80e",
                "sha256:dcaba3aa9d4e0e96fd945bf25a86b6f878fcb05770b67adbeb50a63ca4d28a5e"
            ],
            "version": "==1.28.0"
        },
        "google-auth-oauthlib": {
            "hashes": [
                "sha256:54431535309cfab50897d9c181e8c2226268825aa6e42e930b05b99c5041a18c",
                "sha256:dabffbf594a6be2fd6d054060846d1201569252efb10dfb749b504a7591f8af0"
            ],
            "version": "==0.4.3"
        },
        "google-pasta": {
            "hashes": [
                "sha256:4612951da876b1a10fe3960d7226f0c7682cf901e16ac06e473b267a5afa8954",
                "sha256:b32482794a366b5366a32c92a9a9201b107821889935a02b3e51f6b432ea84ed",
                "sha256:c9f2c8dfc8f96d0d5808299920721be30c9eec37f2389f28904f454565c8a16e"
            ],
            "version": "==0.2.0"
        },
        "grpcio": {
            "hashes": [
                "sha256:02030e1afd3247f2b159df9dff959ec79dd4047b1c4dd4eec9e3d1642efbd504",
                "sha256:0648a6d5d7ddcd9c8462d7d961660ee024dad6b88152ee3a521819e611830edf",
                "sha256:09af8ceb91860086216edc6e5ea15f9beb2cf81687faa43b7c03216f5b73e244",
                "sha256:1030e74ddd0fa6e3bad7944f0c68cf1251b15bcd70641f0ad3858fdf2b8602a0",
                "sha256:1056b558acfd575d774644826df449e1402a03e456a3192fafb6b06d1069bf80",
                "sha256:20b7c4c5513e1135a2261e56830c0e710f205fee92019b92fe132d7f16a5cfd8",
                "sha256:216fbd2a488e74c3b96e240e4054c85c4c99102a439bc9f556936991643f43bc",
                "sha256:24d4c2c5e540e666c52225953d6813afc8ccf9bf46db6a72edd4e8d606656248",
                "sha256:2abaa9f0d83bd0b26f6d0d1fc4b97d73bde3ceac36ab857f70d3cabcf31c5c79",
                "sha256:3a6295aa692806218e97bb687a71cd768450ed99e2acddc488f18d738edef463",
                "sha256:3c5204e05e18268dd6a1099ca6c106fd9d00bcae1e37d5a5186094c55044c941",
                "sha256:3e75643d21db7d68acd541d3fec66faaa8061d12b511e101b529ff12a276bb9b",
                "sha256:45ea10dd133a43b10c0b4326834107ebccfee25dab59b312b78e018c2d72a1f0",
                "sha256:4c05ed54b2a00df01e633bebec819b512bf0c60f8f5b3b36dd344dc673b02fea",
                "sha256:4dc7295dc9673f7af22c1e38c2a2c24ecbd6773a4c5ed5a46ed38ad4dcf2bf6c",
                "sha256:52ec563da45d06319224ebbda53501d25594de64ee1b2786e119ba4a2f1ce40c",
                "sha256:5378189fb897567f4929f75ab67a3e0da4f8967806246cb9cfa1fa06bfbdb0d5",
                "sha256:5e4920a8fb5d17b2c5ba980db0ac1c925bbee3e5d70e96da3ec4fb1c8600d68f",
                "sha256:6b30682180053eebc87802c2f249d2f59b430e1a18e8808575dde0d22a968b2c",
                "sha256:6f6f8a8b57e40347d0bf32c2135037dae31d63d3b19007b4c426a11b76deaf65",
                "sha256:76daa3c4d58fcf40f7969bdb4270335e96ee0382a050cadcd97d7332cd0251a3",
                "sha256:7863c2a140e829b1f4c6d67bf0bf15e5321ac4766d0a295e2682970d9dd4b091",
                "sha256:7cbeac9bbe6a4a7fce4a89c892c249135dd9f5f5219ede157174c34a456188f0",
                "sha256:7e32bc01dfaa7a51c547379644ea619a2161d6969affdac3bbd173478d26673d",
                "sha256:85a6035ae75ce964f78f19cf913938596ccf068b149fcd79f4371268bcb9aa7c",
                "sha256:8a89190de1985a54ef311650cf9687ffb81de038973fd32e452636ddae36b29f",
                "sha256:9a18299827a70be0507f98a65393b1c7f6c004fe2ca995fe23ffac534dd187a7",
                "sha256:a602d6b30760bbbb2fe776caaa914a0d404636cafc3f2322718bf8002d7b1e55",
                "sha256:a66ea59b20f3669df0f0c6a3bd57b985e5b2d1dcf3e4c29819bb8dc232d0fd38",
                "sha256:b003e24339030ed356f59505d1065b89e1f443ef41ce71ca9069be944c0d2e6b",
                "sha256:bab743cdac1d6d8326c65d1d091d0740b39966dfab06519f74a03b3d128b8454",
                "sha256:c18739fecb90760b183bfcb4da1cf2c6bf57e38f7baa2c131d5f67d9a4c8365d",
                "sha256:cbd82c479338fc1c0e5c3db09752b61fe47d40c6e38e4be8657153712fa76674",
                "sha256:dee9971aef20fc09ed897420446c4d0926cd1d7630f343333288523ca5b44bb2",
                "sha256:e1b9e906aa6f7577016e86ed7f3a69cae7dab4e41356584dc7980f76ea65035f",
                "sha256:e3a83c5db16f95daac1d96cf3c9018d765579b5a29bb336758d793028e729921",
                "sha256:eafafc7e040e36aa926edc731ab52c23465981888779ae64bfc8ad85888ed4f3",
                "sha256:ec753c022b39656f88409fbf9f2d3b28497e3f17aa678f884d78776b41ebe6bd",
                "sha256:ed16bfeda02268e75e038c58599d52afc7097d749916c079b26bc27a66900f7d",
                "sha256:f214076eb13da9e65c1aa9877b51fca03f51a82bd8691358e1a1edd9ff341330",
                "sha256:f22c11772eff25ba1ca536e760b8c34ba56f2a9d66b6842cb11770a8f61f879d",
                "sha256:f241116d4bf1a8037ff87f16914b606390824e50902bdbfa2262e855fbf07fe5",
                "sha256:f3f70505207ee1cee65f60a799fd8e06e07861409aa0d55d834825a79b40c297",
                "sha256:f591597bb25eae0094ead5a965555e911453e5f35fdbdaa83be11ef107865697",
                "sha256:f6efa62ca1fe02cd34ec35f53446f04a15fe2c886a4e825f5679936a573d2cbf",
                "sha256:f7740d9d9451f3663df11b241ac05cafc0efaa052d2fdca6640c4d3748eaf6e2"
            ],
            "version": "==1.36.1"
        },
        "h5py": {
            "hashes": [
                "sha256:02c391fdb980762a1cc03a4bcaecd03dc463994a9a63a02264830114a96e111f",
                "sha256:1cd367f89a5441236bdbb795e9fb9a9e3424929c00b4a54254ca760437f83d69",
                "sha256:1cdfd1c5449ca1329d152f0b66830e93226ebce4f5e07dd8dc16bfc2b1a49d7b",
                "sha256:1e2516f190652beedcb8c7acfa1c6fa92d99b42331cbef5e5c7ec2d65b0fc3c2",
                "sha256:236ac8d943be30b617ab615c3d4a4bf4a438add2be87e54af3687ab721a18fac",
                "sha256:2e37352ddfcf9d77a2a47f7c8f7e125c6d20cc06c2995edeb7be222d4e152636",
                "sha256:80c623be10479e81b64fa713b7ed4c0bbe9f02e8e7d2a2e5382336087b615ce4",
                "sha256:ba71f6229d2013fbb606476ecc29c6223fc16b244d35fcd8566ad9dbaf910857",
                "sha256:cb74df83709d6d03d11e60b9480812f58da34f194beafa8c8314dbbeeedfe0a6",
                "sha256:dccb89358bc84abcd711363c3e138f9f4eccfdf866f2139a8e72308328765b2c",
                "sha256:e33f61d3eb862614c0f273a1f993a64dc2f093e1a3094932c50ada9d2db2170f",
                "sha256:f89a3dae38843ffa49d17a31a3509a8129e9b46ece602a0138e1ed79e685c361",
                "sha256:fea05349f63625a8fb808e57e42bb4c76930cf5d50ac58b678c52f913a48a89b"
            ],
            "version": "==3.1.0"
        },
        "hyperlink": {
            "hashes": [
                "sha256:427af957daa58bc909471c6c40f74c5450fa123dd093fc53efd2e91d2705a56b",
                "sha256:e6b14c37ecb73e89c77d78cdb4c2cc8f3fb59a885c5b3f819ff4ed80f25af1b4"
            ],
            "version": "==21.0.0"
        },
        "idna": {
            "hashes": [
                "sha256:b307872f855b18632ce0c21c5e45be78c0ea7ae4c15c828c20788b26921eb3f6",
                "sha256:b97d804b1e9b523befed77c48dacec60e6dcb0b5391d57af6a65a312a90648c0"
            ],
            "version": "==2.10"
        },
        "importlib-metadata": {
            "hashes": [
                "sha256:742add720a20d0467df2f444ae41704000f50e1234f46174b51f9c6031a1bd71",
                "sha256:b74159469b464a99cb8cc3e21973e4d96e05d3024d337313fedb618a6e86e6f4"
            ],
            "markers": "python_version < '3.8'",
            "version": "==3.7.3"
        },
        "incremental": {
            "hashes": [
                "sha256:02f5de5aff48f6b9f665d99d48bfc7ec03b6e3943210de7cfc88856d755d6f57",
                "sha256:92014aebc6a20b78a8084cdd5645eeaa7f74b8933f70fa3ada2cfbd1e3b54321"
            ],
            "version": "==21.3.0"
        },
        "keras-applications": {
            "hashes": [
                "sha256:5579f9a12bcde9748f4a12233925a59b93b73ae6947409ff34aa2ba258189fe5",
                "sha256:df4323692b8c1174af821bf906f1e442e63fa7589bf0f1230a0b6bdc5a810c95"
            ],
            "version": "==1.0.8"
        },
        "keras-preprocessing": {
            "hashes": [
                "sha256:7b82029b130ff61cc99b55f3bd27427df4838576838c5b2f65940e4fcec99a7b",
                "sha256:add82567c50c8bc648c14195bf544a5ce7c1f76761536956c3d2978970179ef3"
            ],
            "version": "==1.1.2"
        },
        "markdown": {
            "hashes": [
                "sha256:31b5b491868dcc87d6c24b7e3d19a0d730d59d3e46f4eea6430a321bed387a49",
                "sha256:96c3ba1261de2f7547b46a00ea8463832c921d3f9d6aba3f255a6f71386db20c"
            ],
            "version": "==3.3.4"
        },
        "numpy": {
            "hashes": [
                "sha256:0a7a1dd123aecc9f0076934288ceed7fd9a81ba3919f11a855a7887cbe82a02f",
                "sha256:0c0763787133dfeec19904c22c7e358b231c87ba3206b211652f8cbe1241deb6",
                "sha256:3d52298d0be333583739f1aec9026f3b09fdfe3ddf7c7028cb16d9d2af1cca7e",
                "sha256:43bb4b70585f1c2d153e45323a886839f98af8bfa810f7014b20be714c37c447",
                "sha256:475963c5b9e116c38ad7347e154e5651d05a2286d86455671f5b1eebba5feb76",
                "sha256:64874913367f18eb3013b16123c9fed113962e75d809fca5b78ebfbb73ed93ba",
                "sha256:683828e50c339fc9e68720396f2de14253992c495fdddef77a1e17de55f1decc",
                "sha256:6ca4000c4a6f95a78c33c7dadbb9495c10880be9c89316aa536eac359ab820ae",
                "sha256:75fd817b7061f6378e4659dd792c84c0b60533e867f83e0d1e52d5d8e53df88c",
                "sha256:7d81d784bdbed30137aca242ab307f3e65c8d93f4c7b7d8f322110b2e90177f9",
                "sha256:8d0af8d3664f142414fd5b15cabfd3b6cc3ef242a3c7a7493257025be5a6955f",
                "sha256:9679831005fb16c6df3dd35d17aa31dc0d4d7573d84f0b44cc481490a65c7725",
                "sha256:a8f67ebfae9f575d85fa859b54d3bdecaeece74e3274b0b5c5f804d7ca789fe1",
                "sha256:acbf5c52db4adb366c064d0b7c7899e3e778d89db585feadd23b06b587d64761",
                "sha256:ada4805ed51f5bcaa3a06d3dd94939351869c095e30a2b54264f5a5004b52170",
                "sha256:c7354e8f0eca5c110b7e978034cd86ed98a7a5ffcf69ca97535445a595e07b8e",
                "sha256:e2e9d8c87120ba2c591f60e32736b82b67f72c37ba88a4c23c81b5b8fa49c018",
                "sha256:e467c57121fe1b78a8f68dd9255fbb3bb3f4f7547c6b9e109f31d14569f490c3",
                "sha256:ede47b98de79565fcd7f2decb475e2dcc85ee4097743e551fe26cfc7eb3ff143",
                "sha256:f58913e9227400f1395c7b800503ebfdb0772f1c33ff8cb4d6451c06cabdf316",
                "sha256:fe39f5fd4103ec4ca3cb8600b19216cd1ff316b4990f4c0b6057ad982c0a34d5"
            ],
            "index": "pypi",
            "version": "==1.17.4"
        },
        "oauthlib": {
            "hashes": [
                "sha256:bee41cc35fcca6e988463cacc3bcb8a96224f470ca547e697b604cc697b2f889",
                "sha256:df884cd6cbe20e32633f1db1072e9356f53638e4361bef4e8b03c9127c9328ea"
            ],
            "version": "==3.1.0"
        },
        "opt-einsum": {
            "hashes": [
                "sha256:2455e59e3947d3c275477df7f5205b30635e266fe6dc300e3d9f9646bfcea147",
                "sha256:59f6475f77bbc37dcf7cd748519c0ec60722e91e63ca114e68821c0c54a46549"
            ],
            "version": "==3.3.0"
        },
        "protobuf": {
            "hashes": [
                "sha256:0f2da2fcc4102b6c3b57f03c9d8d5e37c63f8bc74deaa6cb54e0cc4524a77247",
                "sha256:1655fc0ba7402560d749de13edbfca1ac45d1753d8f4e5292989f18f5a00c215",
                "sha256:1771ef20e88759c4d81db213e89b7a1fc53937968e12af6603c658ee4bcbfa38",
                "sha256:1a66261a402d05c8ad8c1fde8631837307bf8d7e7740a4f3941fc3277c2e1528",
                "sha256:24f4697f57b8520c897a401b7f9a5ae45c369e22c572e305dfaf8053ecb49687",
                "sha256:256c0b2e338c1f3228d3280707606fe5531fde85ab9d704cde6fdeb55112531f",
                "sha256:2b974519a2ae83aa1e31cff9018c70bbe0e303a46a598f982943c49ae1d4fcd3",
                "sha256:30fe4249a364576f9594180589c3f9c4771952014b5f77f0372923fc7bafbbe2",
                "sha256:45a91fc6f9aa86d3effdeda6751882b02de628519ba06d7160daffde0c889ff8",
                "sha256:70054ae1ce5dea7dec7357db931fcf487f40ea45b02cb719ee6af07eb1e906fb",
                "sha256:74ac159989e2b02d761188a2b6f4601ff5e494d9b9d863f5ad6e98e5e0c54328",
                "sha256:822ac7f87fc2fb9b24edd2db390538b60ef50256e421ca30d65250fad5a3d477",
                "sha256:83c7c7534f050cb25383bb817159416601d1cc46c40bc5e851ec8bbddfc34a2f",
                "sha256:88d8f21d1ac205eedb6dea943f8204ed08201b081dba2a966ab5612788b9bb1e",
                "sha256:9ec20a6ded7d0888e767ad029dbb126e604e18db744ac0a428cf746e040ccecd",
                "sha256:9ec220d90eda8bb7a7a1434a8aed4fe26d7e648c1a051c2885f3f5725b6aa71a",
                "sha256:b9069e45b6e78412fba4a314ea38b4a478686060acf470d2b131b3a2c50484ec",
                "sha256:d9ed0955b794f1e5f367e27f8a8ff25501eabe34573f003f06639c366ca75f73",
                "sha256:eaada29bbf087dea7d8bce4d1d604fc768749e8809e9c295922accd7c8fce4d5",
                "sha256:eac23a3e56175b710f3da9a9e8e2aa571891fbec60e0c5a06db1c7b1613b5cfd"
            ],
            "version": "==3.15.6"
        },
        "pyaescrypt": {
            "hashes": [
                "sha256:2835f548bd659dfde6416facb36a472cafd837b81876b556246514e33d87a2b8",
                "sha256:d78ec4e0e777ee1abf9426b6690e19bbf69cccdfc708127a33100fb2130285f7"
            ],
            "index": "pypi",
            "version": "==0.4.3"
        },
        "pyasn1": {
            "hashes": [
                "sha256:39c7e2ec30515947ff4e87fb6f456dfc6e84857d34be479c9d4a4ba4bf46aa5d",
                "sha256:aef77c9fb94a3ac588e87841208bdec464471d9871bd5050a287cc9a475cd0ba"
            ],
            "version": "==0.4.8"
        },
        "pyasn1-modules": {
            "hashes": [
                "sha256:905f84c712230b2c592c19470d3ca8d552de726050d1d1716282a1f6146be65e",
                "sha256:a50b808ffeb97cb3601dd25981f6b016cbb3d31fbf57a8b8a87428e6158d0c74"
            ],
            "version": "==0.2.8"
        },
        "pycparser": {
            "hashes": [
                "sha256:2d475327684562c3a96cc71adf7dc8c4f0565175cf86b6d7a404ff4c771f15f0",
                "sha256:7582ad22678f0fcd81102833f60ef8d0e57288b6b5fb00323d101be910e35705"
            ],
            "version": "==2.20"
        },
        "pyhamcrest": {
            "hashes": [
                "sha256:412e00137858f04bde0729913874a48485665f2d36fe9ee449f26be864af9316",
                "sha256:7ead136e03655af85069b6f47b23eb7c3e5c221aa9f022a4fbb499f5b7308f29"
            ],
            "version": "==2.0.2"
        },
        "requests": {
            "hashes": [
                "sha256:27973dd4a904a4f13b263a19c866c13b92a39ed1c964655f025f3f8d3d75b804",
                "sha256:c210084e36a42ae6b9219e00e48287def368a26d03a048ddad7bfee44f75871e"
            ],
            "version": "==2.25.1"
        },
        "requests-oauthlib": {
            "hashes": [
                "sha256:7f71572defaecd16372f9006f33c2ec8c077c3cfa6f5911a9a90202beb513f3d",
                "sha256:b4261601a71fd721a8bd6d7aa1cc1d6a8a93b4a9f5e96626f8e4d91e8beeaa6a"
            ],
            "version": "==1.3.0"
        },
        "rsa": {
            "hashes": [
                "sha256:2c7c8624ef9b55bacc3be8bdcec5cefc381ddc156e968d6437fe0fd08af00eb0",
                "sha256:6fa6a54eb72bfc0abca7f27880b978b14a643ba2a6ad9f4a56a95be82129ca1b"
            ],
            "index": "pypi",
            "version": "==4.1"
        },
        "six": {
            "hashes": [
                "sha256:30639c035cdb23534cd4aa2dd52c3bf48f06e5f4a941509c8bafd8ce11080259",
                "sha256:8b74bedcbbbaca38ff6d7491d76f2b06b3592611af620f8426e82dddb04a5ced"
            ],
            "version": "==1.15.0"
        },
        "tensorboard": {
            "hashes": [
                "sha256:32d9dec38d053d7d75796eb7c2e0d77285af35f69ee1a6796ab5ecc896679fb3",
                "sha256:ccae56f01acc78a138474081b631af52017c2075ffe1c453d58c49d5046ef081"
            ],
            "version": "==2.0.2"
        },
        "tensorflow": {
            "hashes": [
                "sha256:04a3e889ade6be191c4a39933d7dd13a141a4c31cacbc4b23e06e80343bb9151",
                "sha256:173079089330dd740a68de2a14140e4b8406f60976ba368e5f91a612f9f2de7a",
                "sha256:34017743df7c8abcfcde52831693cab5230da25a135f8fa7e7c6c48927112269",
                "sha256:4fdba5bfcf766081e2a6d469ba35121085699d8c669daf5e295604b1f43f307a",
                "sha256:686385d7a3663b8a4967270b3dcfae4d2b9b15fb37bf6da40e768f373cf42fed",
                "sha256:b8eb1486a3be60708add1b733983444c0b47e90d0087021199e51e30f6c4e0d0",
                "sha256:c63b2849ff2706a4df5183ee0bf3905027afc3de0c799e940c62745c71b1bf89",
                "sha256:cb439ae0d778035ace782e1769857058628cd09e18961fc64a403adcedcd0547",
                "sha256:e8f8b9f4da7502f86674584f346d25ab2fd78303effb04be460eec0490ff7494"
            ],
            "index": "pypi",
            "version": "==2.0.1"
        },
        "tensorflow-estimator": {
            "hashes": [
                "sha256:aa8deab25d09a9730dfbae8ec58f4eb00ec2a90b5ca3dcbd8fa0717103d3bbb3"
            ],
            "version": "==2.0.1"
        },
        "termcolor": {
            "hashes": [
                "sha256:1d6d69ce66211143803fbc56652b41d73b4a400a2891d7bf7a1cdf4c02de613b"
            ],
            "version": "==1.1.0"
        },
        "twisted": {
            "hashes": [
                "sha256:0f39698c2aac318032ed4fe95e28ee2bd7d72327c2f6927139811ad403770885",
                "sha256:1f0919a0363b4fbed5def5315383db36fd581464bca80290764f8c4465e91c04",
                "sha256:257dbc78e72bc69c2970035fc74df54b04573d5ddd380251a8a23f74d619db03",
                "sha256:3f651c52ad78cc5a643f61e3b786a6b5c9b4ee68eced975c04fdf6b02026f470",
                "sha256:58b581ae4eee5a831aac9d03edc331d662fa028f601015bb3df47f8704bfe876",
                "sha256:611ef7696d406605962d9a7b040d357f3e91df20cf75c0b06e350947f541538b",
                "sha256:6338e5b987e95c94360acb14e78b41097be9b45d44d15a68060db9c3bf89e102",
                "sha256:7394ba7f272ae722a74f3d969dcf599bc4ef093bc392038748a490f1724a515d",
                "sha256:776c65270b57ac074d5b7a471142f434b0ac5a8b39d9c974769c855c32abfd91",
                "sha256:8b2f7f4dded5ad02931bed38042e55329d1e4919b63078f5a29f05502a163f1d",
                "sha256:97f8a76632bf051a27179337fe937df315920a08e9bd146126e0126629db3721",
                "sha256:a1de7598ce977943b3edbcc0a7d2112f134cc1b98b2fd7e348ee9e0bef092e50",
                "sha256:d145c418a46f8a7021030a3246b9e5111f64531278e5252f2073f23c1661c8be",
                "sha256:d53e1f883bc429b14fd2999d355352974f9d7b4ae7554154bbfe3f90aecede5f",
                "sha256:d9037ff5e07909b1d31f81db71a3bbc8227ba1ed20c87332bdb2eb48e55f326e",
                "sha256:ef1396d1680d6a1ae6dff293d778755c8e10d471f286aff678877b2cee235d42",
                "sha256:f1fe9139fdcf7721d308e36c51cf975474678a8241a9799af02a7bb1c531b722",
                "sha256:f28355e61ce0b5c1ce47784522022322cc5059c8ed80638e0caae8c7301e1705",
                "sha256:f7cc56a45c983e4e48601fbeec879b62c740cb848c75164f69a48ac0c6e8a21c"
            ],
            "index": "pypi",
            "version": "==19.10.0"
        },
        "typing-extensions": {
            "hashes": [
                "sha256:7cb407020f00f7bfc3cb3e7881628838e69d8f3fcab2f64742a5e76b2f841918",
                "sha256:99d4073b617d30288f569d3f13d2bd7548c3a7e4c8de87db09a9d29bb3a4a60c",
                "sha256:dafc7639cde7f1b6e1acc0f457842a83e722ccca8eef5270af2d74792619a89f"
            ],
            "markers": "python_version < '3.8'",
            "version": "==3.7.4.3"
        },
        "urllib3": {
            "hashes": [
                "sha256:2f4da4594db7e1e110a944bb1b551fdf4e6c136ad42e4234131391e21eb5b0df",
                "sha256:e7b021f7241115872f92f43c6508082facffbd1c048e3c6e2bb9c2a157e28937"
            ],
            "version": "==1.26.4"
        },
        "werkzeug": {
            "hashes": [
                "sha256:2de2a5db0baeae7b2d2664949077c2ac63fbd16d98da0ff71837f7d1dea3fd43",
                "sha256:6c80b1e5ad3665290ea39320b91e1be1e0d5f60652b964a3070216de83d2e47c"
            ],
            "version": "==1.0.1"
        },
        "wheel": {
            "hashes": [
                "sha256:78b5b185f0e5763c26ca1e324373aadd49182ca90e825f7853f4b2509215dc0e",
                "sha256:e11eefd162658ea59a60a0f6c7d493a7190ea4b9a85e335b33489d9f17e0245e"
            ],
            "markers": "python_version >= '3'",
            "version": "==0.36.2"
        },
        "wrapt": {
            "hashes": [
                "sha256:b62ffa81fb85f4332a4f609cab4ac40709470da05643a082ec1eb88e6d9b97d7"
            ],
            "version": "==1.12.1"
        },
        "zipp": {
            "hashes": [
                "sha256:3607921face881ba3e026887d8150cca609d517579abe052ac81fc5aeffdbd76",
                "sha256:51cb66cc54621609dd593d1787f286ee42a5c0adbb4b29abea5a63edc3e03098"
            ],
            "version": "==3.4.1"
        },
        "zope.interface": {
            "hashes": [
                "sha256:02d3535aa18e34ce97c58d241120b7554f7d1cf4f8002fc9675cc7e7745d20e8",
                "sha256:0378a42ec284b65706d9ef867600a4a31701a0d6773434e6537cfc744e3343f4",
                "sha256:07d289358a8c565ea09e426590dd1179f93cf5ac3dd17d43fcc4fc63c1a9d275",
                "sha256:0e6cdbdd94ae94d1433ab51f46a76df0f2cd041747c31baec1c1ffa4e76bd0c1",
                "sha256:11354fb8b8bdc5cdd66358ed4f1f0ce739d78ff6d215d33b8f3ae282258c0f11",
                "sha256:12588a46ae0a99f172c4524cbbc3bb870f32e0f8405e9fa11a5ef3fa3a808ad7",
                "sha256:16caa44a06f6b0b2f7626ced4b193c1ae5d09c1b49c9b4962c93ae8aa2134f55",
                "sha256:18c478b89b6505756f007dcf76a67224a23dcf0f365427742ed0c0473099caa4",
                "sha256:221b41442cf4428fcda7fc958c9721c916709e2a3a9f584edd70f1493a09a762",
                "sha256:26109c50ccbcc10f651f76277cfc05fba8418a907daccc300c9247f24b3158a2",
                "sha256:28d8157f8c77662a1e0796a7d3cfa8910289131d4b4dd4e10b2686ab1309b67b",
                "sha256:2c51689b7b40c7d9c7e8a678350e73dc647945a13b4e416e7a02bbf0c37bdb01",
                "sha256:2ec58e1e1691dde4fbbd97f8610de0f8f1b1a38593653f7d3b8e931b9cd6d67f",
                "sha256:416feb6500f7b6fc00d32271f6b8495e67188cb5eb51fc8e289b81fdf465a9cb",
                "sha256:520352b18adea5478bbf387e9c77910a914985671fe36bc5ef19fdcb67a854bc",
                "sha256:527415b5ca201b4add44026f70278fbc0b942cf0801a26ca5527cb0389b6151e",
                "sha256:54243053316b5eec92affe43bbace7c8cd946bc0974a4aa39ff1371df0677b22",
                "sha256:61b8454190b9cc87279232b6de28dee0bad040df879064bb2f0e505cda907918",
                "sha256:672668729edcba0f2ee522ab177fcad91c81cfce991c24d8767765e2637d3515",
                "sha256:67aa26097e194947d29f2b5a123830e03da1519bcce10cac034a51fcdb99c34f",
                "sha256:6e7305e42b5f54e5ccf51820de46f0a7c951ba7cb9e3f519e908545b0f5628d0",
                "sha256:7234ac6782ca43617de803735949f79b894f0c5d353fbc001d745503c69e6d1d",
                "sha256:7426bea25bdf92f00fa52c7b30fcd2a2f71c21cf007178971b1f248b6c2d3145",
                "sha256:74b331c5d5efdddf5bbd9e1f7d8cb91a0d6b9c4ba45ca3e9003047a84dca1a3b",
                "sha256:79b6db1a18253db86e9bf1e99fa829d60fd3fc7ac04f4451c44e4bdcf6756a42",
                "sha256:7d79cd354ae0a033ac7b86a2889c9e8bb0bb48243a6ed27fc5064ce49b842ada",
                "sha256:823d1b4a6a028b8327e64865e2c81a8959ae9f4e7c9c8e0eec814f4f9b36b362",
                "sha256:8715717a5861932b7fe7f3cbd498c82ff4132763e2fea182cc95e53850394ec1",
                "sha256:89a6091f2d07936c8a96ce56f2000ecbef20fb420a94845e7d53913c558a6378",
                "sha256:8af4b3116e4a37059bc8c7fe36d4a73d7c1d8802a1d8b6e549f1380d13a40160",
                "sha256:8b4b0034e6c7f30133fa64a1cc276f8f1a155ef9529e7eb93a3c1728b40c0f5c",
                "sha256:92195df3913c1de80062635bf64cd7bd0d0934a7fa1689b6d287d1cbbd16922c",
                "sha256:96c2e68385f3848d58f19b2975a675532abdb65c8fa5f04d94b95b27b6b1ffa7",
                "sha256:9c7044dbbf8c58420a9ef4ed6901f5a8b7698d90cd984d7f57a18c78474686f6",
                "sha256:a1937efed7e3fe0ee74630e1960df887d8aa83c571e1cf4db9d15b9c181d457d",
                "sha256:a38c10423a475a1658e2cb8f52cf84ec20a4c0adff724dd43a6b45183f499bc1",
                "sha256:a413c424199bcbab71bf5fa7538246f27177fbd6dd74b2d9c5f34878658807f8",
                "sha256:b18a855f8504743e0a2d8b75d008c7720d44e4c76687e13f959e35d9a13eb397",
                "sha256:b4d59ab3608538e550a72cea13d3c209dd72b6e19e832688da7884081c01594e",
                "sha256:b51d3f1cd87f488455f43046d72003689024b0fa9b2d53635db7523033b19996",
                "sha256:c02105deda867d09cdd5088d08708f06d75759df6f83d8f7007b06f422908a30",
                "sha256:c7b6032dc4490b0dcaf078f09f5b382dc35493cb7f473840368bf0de3196c2b6",
                "sha256:c95b355dba2aaf5177dff943b25ded0529a7feb80021d5fdb114a99f0a1ef508",
                "sha256:c980ae87863d76b1ea9a073d6d95554b4135032d34bc541be50c07d4a085821b",
                "sha256:d12895cd083e35e9e032eb4b57645b91116f8979527381a8d864d1f6b8cb4a2e",
                "sha256:d3cd9bad547a8e5fbe712a1dc1413aff1b917e8d39a2cd1389a6f933b7a21460",
                "sha256:e8809b01f27f679e3023b9e2013051e0a3f17abff4228cb5197663afd8a0f2c7",
                "sha256:f3c37b0dc1898e305aad4f7a1d75f6da83036588c28a9ce0afc681ff5245a601",
                "sha256:f966765f54b536e791541458de84a737a6adba8467190f17a8fe7f85354ba908",
                "sha256:fa939c2e2468142c9773443d4038e7c915b0cc1b670d3c9192bdc503f7ea73e9",
                "sha256:fcc5c1f95102989d2e116ffc8467963554ce89f30a65a3ea86a4d06849c498d8"
            ],
            "version": "==5.3.0"
        }
    },
    "develop": {}
}
